// !$*UTF8*$!
{
	archiveVersion = 1;
	classes = {
	};
	objectVersion = 56;
	objects = {

/* Begin PBXBuildFile section */
		BB252D38292D3019009148C9 /* SettingsView.swift in Sources */ = {isa = PBXBuildFile; fileRef = BB252D37292D3019009148C9 /* SettingsView.swift */; };
		BB252D3C292D438C009148C9 /* ProfileView.swift in Sources */ = {isa = PBXBuildFile; fileRef = BB252D3B292D438C009148C9 /* ProfileView.swift */; };
		BB5D84EC291189B0001A8CAE /* ContentView.swift in Sources */ = {isa = PBXBuildFile; fileRef = BB5D84EB291189B0001A8CAE /* ContentView.swift */; };
		BB7B1D7F29426394003001F5 /* RadioButton.swift in Sources */ = {isa = PBXBuildFile; fileRef = BB7B1D7E29426394003001F5 /* RadioButton.swift */; };
		BBA3DEE52926A62700288041 /* InitialView.swift in Sources */ = {isa = PBXBuildFile; fileRef = BBA3DEE42926A62700288041 /* InitialView.swift */; };
		BBAD4C96291EBB9D002982FC /* ActivitiesView.swift in Sources */ = {isa = PBXBuildFile; fileRef = BBAD4C95291EBB9D002982FC /* ActivitiesView.swift */; };
		BBD064A2290B1B2F008CC2B0 /* HorizonteFinanceiroApp.swift in Sources */ = {isa = PBXBuildFile; fileRef = BBD064A1290B1B2F008CC2B0 /* HorizonteFinanceiroApp.swift */; };
		BBD064A4290B1B2F008CC2B0 /* GeneralView.swift in Sources */ = {isa = PBXBuildFile; fileRef = BBD064A3290B1B2F008CC2B0 /* GeneralView.swift */; };
		BBD064A6290B1B2F008CC2B0 /* Assets.xcassets in Resources */ = {isa = PBXBuildFile; fileRef = BBD064A5290B1B2F008CC2B0 /* Assets.xcassets */; };
		BBD064A9290B1B2F008CC2B0 /* Preview Assets.xcassets in Resources */ = {isa = PBXBuildFile; fileRef = BBD064A8290B1B2F008CC2B0 /* Preview Assets.xcassets */; };
/* End PBXBuildFile section */

/* Begin PBXFileReference section */
		BB252D37292D3019009148C9 /* SettingsView.swift */ = {isa = PBXFileReference; lastKnownFileType = sourcecode.swift; name = SettingsView.swift; path = HorizonteFinanceiro/OptionScreens/SettingsView.swift; sourceTree = SOURCE_ROOT; };
		BB252D3B292D438C009148C9 /* ProfileView.swift */ = {isa = PBXFileReference; lastKnownFileType = sourcecode.swift; path = ProfileView.swift; sourceTree = "<group>"; };
		BB5D84EB291189B0001A8CAE /* ContentView.swift */ = {isa = PBXFileReference; lastKnownFileType = sourcecode.swift; path = ContentView.swift; sourceTree = "<group>"; };
		BB7B1D7E29426394003001F5 /* RadioButton.swift */ = {isa = PBXFileReference; lastKnownFileType = sourcecode.swift; path = RadioButton.swift; sourceTree = "<group>"; };
		BBA3DEE42926A62700288041 /* InitialView.swift */ = {isa = PBXFileReference; lastKnownFileType = sourcecode.swift; name = InitialView.swift; path = HorizonteFinanceiro/HomeScreens/InitialView.swift; sourceTree = SOURCE_ROOT; };
		BBAD4C95291EBB9D002982FC /* ActivitiesView.swift */ = {isa = PBXFileReference; lastKnownFileType = sourcecode.swift; path = ActivitiesView.swift; sourceTree = "<group>"; };
		BBD0649E290B1B2F008CC2B0 /* HorizonteFinanceiro.app */ = {isa = PBXFileReference; explicitFileType = wrapper.application; includeInIndex = 0; path = HorizonteFinanceiro.app; sourceTree = BUILT_PRODUCTS_DIR; };
		BBD064A1290B1B2F008CC2B0 /* HorizonteFinanceiroApp.swift */ = {isa = PBXFileReference; lastKnownFileType = sourcecode.swift; path = HorizonteFinanceiroApp.swift; sourceTree = "<group>"; };
		BBD064A3290B1B2F008CC2B0 /* GeneralView.swift */ = {isa = PBXFileReference; lastKnownFileType = sourcecode.swift; path = GeneralView.swift; sourceTree = "<group>"; };
		BBD064A5290B1B2F008CC2B0 /* Assets.xcassets */ = {isa = PBXFileReference; lastKnownFileType = folder.assetcatalog; path = Assets.xcassets; sourceTree = "<group>"; };
		BBD064A8290B1B2F008CC2B0 /* Preview Assets.xcassets */ = {isa = PBXFileReference; lastKnownFileType = folder.assetcatalog; path = "Preview Assets.xcassets"; sourceTree = "<group>"; };
/* End PBXFileReference section */

/* Begin PBXFrameworksBuildPhase section */
		BBD0649B290B1B2F008CC2B0 /* Frameworks */ = {
			isa = PBXFrameworksBuildPhase;
			buildActionMask = 2147483647;
			files = (
			);
			runOnlyForDeploymentPostprocessing = 0;
		};
/* End PBXFrameworksBuildPhase section */

/* Begin PBXGroup section */
		BBD06495290B1B2F008CC2B0 = {
			isa = PBXGroup;
			children = (
				BBD064A0290B1B2F008CC2B0 /* HorizonteFinanceiro */,
				BBD0649F290B1B2F008CC2B0 /* Products */,
			);
			sourceTree = "<group>";
		};
		BBD0649F290B1B2F008CC2B0 /* Products */ = {
			isa = PBXGroup;
			children = (
				BBD0649E290B1B2F008CC2B0 /* HorizonteFinanceiro.app */,
			);
			name = Products;
			sourceTree = "<group>";
		};
		BBD064A0290B1B2F008CC2B0 /* HorizonteFinanceiro */ = {
			isa = PBXGroup;
			children = (
				BBD064A1290B1B2F008CC2B0 /* HorizonteFinanceiroApp.swift */,
				BBD064A3290B1B2F008CC2B0 /* GeneralView.swift */,
				BBD064B1290B1CCD008CC2B0 /* ContentScreens */,
				BBD064B0290B1CA8008CC2B0 /* OptionScreens */,
				BBD064AF290B1C9C008CC2B0 /* HomeScreens */,
				BBD064A5290B1B2F008CC2B0 /* Assets.xcassets */,
				BBD064A7290B1B2F008CC2B0 /* Preview Content */,
			);
			path = HorizonteFinanceiro;
			sourceTree = "<group>";
		};
		BBD064A7290B1B2F008CC2B0 /* Preview Content */ = {
			isa = PBXGroup;
			children = (
				BBD064A8290B1B2F008CC2B0 /* Preview Assets.xcassets */,
			);
			path = "Preview Content";
			sourceTree = "<group>";
		};
		BBD064AF290B1C9C008CC2B0 /* HomeScreens */ = {
			isa = PBXGroup;
			children = (
				BBA3DEE42926A62700288041 /* InitialView.swift */,
			);
			path = HomeScreens;
			sourceTree = "<group>";
		};
		BBD064B0290B1CA8008CC2B0 /* OptionScreens */ = {
			isa = PBXGroup;
			children = (
				BB252D37292D3019009148C9 /* SettingsView.swift */,
				BB252D3B292D438C009148C9 /* ProfileView.swift */,
			);
			path = OptionScreens;
			sourceTree = "<group>";
		};
		BBD064B1290B1CCD008CC2B0 /* ContentScreens */ = {
			isa = PBXGroup;
			children = (
				BB5D84EB291189B0001A8CAE /* ContentView.swift */,
				BBAD4C95291EBB9D002982FC /* ActivitiesView.swift */,
				BB7B1D7E29426394003001F5 /* RadioButton.swift */,
			);
			path = ContentScreens;
			sourceTree = "<group>";
		};
/* End PBXGroup section */

/* Begin PBXNativeTarget section */
		BBD0649D290B1B2F008CC2B0 /* HorizonteFinanceiro */ = {
			isa = PBXNativeTarget;
			buildConfigurationList = BBD064AC290B1B2F008CC2B0 /* Build configuration list for PBXNativeTarget "HorizonteFinanceiro" */;
			buildPhases = (
				BBD0649A290B1B2F008CC2B0 /* Sources */,
				BBD0649B290B1B2F008CC2B0 /* Frameworks */,
				BBD0649C290B1B2F008CC2B0 /* Resources */,
			);
			buildRules = (
			);
			dependencies = (
			);
			name = HorizonteFinanceiro;
			productName = HorizonteFinanceiro;
			productReference = BBD0649E290B1B2F008CC2B0 /* HorizonteFinanceiro.app */;
			productType = "com.apple.product-type.application";
		};
/* End PBXNativeTarget section */

/* Begin PBXProject section */
		BBD06496290B1B2F008CC2B0 /* Project object */ = {
			isa = PBXProject;
			attributes = {
				BuildIndependentTargetsInParallel = 1;
				LastSwiftUpdateCheck = 1400;
				LastUpgradeCheck = 1400;
				TargetAttributes = {
					BBD0649D290B1B2F008CC2B0 = {
						CreatedOnToolsVersion = 14.0.1;
					};
				};
			};
			buildConfigurationList = BBD06499290B1B2F008CC2B0 /* Build configuration list for PBXProject "HorizonteFinanceiro" */;
			compatibilityVersion = "Xcode 14.0";
			developmentRegion = en;
			hasScannedForEncodings = 0;
			knownRegions = (
				en,
				Base,
			);
			mainGroup = BBD06495290B1B2F008CC2B0;
			productRefGroup = BBD0649F290B1B2F008CC2B0 /* Products */;
			projectDirPath = "";
			projectRoot = "";
			targets = (
				BBD0649D290B1B2F008CC2B0 /* HorizonteFinanceiro */,
			);
		};
/* End PBXProject section */

/* Begin PBXResourcesBuildPhase section */
		BBD0649C290B1B2F008CC2B0 /* Resources */ = {
			isa = PBXResourcesBuildPhase;
			buildActionMask = 2147483647;
			files = (
				BBD064A9290B1B2F008CC2B0 /* Preview Assets.xcassets in Resources */,
				BBD064A6290B1B2F008CC2B0 /* Assets.xcassets in Resources */,
			);
			runOnlyForDeploymentPostprocessing = 0;
		};
/* End PBXResourcesBuildPhase section */

/* Begin PBXSourcesBuildPhase section */
		BBD0649A290B1B2F008CC2B0 /* Sources */ = {
			isa = PBXSourcesBuildPhase;
			buildActionMask = 2147483647;
			files = (
				BBD064A4290B1B2F008CC2B0 /* GeneralView.swift in Sources */,
				BBD064A2290B1B2F008CC2B0 /* HorizonteFinanceiroApp.swift in Sources */,
				BB5D84EC291189B0001A8CAE /* ContentView.swift in Sources */,
				BB252D38292D3019009148C9 /* SettingsView.swift in Sources */,
				BBA3DEE52926A62700288041 /* InitialView.swift in Sources */,
				BB252D3C292D438C009148C9 /* ProfileView.swift in Sources */,
				BBAD4C96291EBB9D002982FC /* ActivitiesView.swift in Sources */,
				BB7B1D7F29426394003001F5 /* RadioButton.swift in Sources */,
			);
			runOnlyForDeploymentPostprocessing = 0;
		};
/* End PBXSourcesBuildPhase section */

/* Begin XCBuildConfiguration section */
		BBD064AA290B1B2F008CC2B0 /* Debug */ = {
			isa = XCBuildConfiguration;
			buildSettings = {
				ALWAYS_SEARCH_USER_PATHS = NO;
				CLANG_ANALYZER_NONNULL = YES;
				CLANG_ANALYZER_NUMBER_OBJECT_CONVERSION = YES_AGGRESSIVE;
				CLANG_CXX_LANGUAGE_STANDARD = "gnu++20";
				CLANG_ENABLE_MODULES = YES;
				CLANG_ENABLE_OBJC_ARC = YES;
				CLANG_ENABLE_OBJC_WEAK = YES;
				CLANG_WARN_BLOCK_CAPTURE_AUTORELEASING = YES;
				CLANG_WARN_BOOL_CONVERSION = YES;
				CLANG_WARN_COMMA = YES;
				CLANG_WARN_CONSTANT_CONVERSION = YES;
				CLANG_WARN_DEPRECATED_OBJC_IMPLEMENTATIONS = YES;
				CLANG_WARN_DIRECT_OBJC_ISA_USAGE = YES_ERROR;
				CLANG_WARN_DOCUMENTATION_COMMENTS = YES;
				CLANG_WARN_EMPTY_BODY = YES;
				CLANG_WARN_ENUM_CONVERSION = YES;
				CLANG_WARN_INFINITE_RECURSION = YES;
				CLANG_WARN_INT_CONVERSION = YES;
				CLANG_WARN_NON_LITERAL_NULL_CONVERSION = YES;
				CLANG_WARN_OBJC_IMPLICIT_RETAIN_SELF = YES;
				CLANG_WARN_OBJC_LITERAL_CONVERSION = YES;
				CLANG_WARN_OBJC_ROOT_CLASS = YES_ERROR;
				CLANG_WARN_QUOTED_INCLUDE_IN_FRAMEWORK_HEADER = YES;
				CLANG_WARN_RANGE_LOOP_ANALYSIS = YES;
				CLANG_WARN_STRICT_PROTOTYPES = YES;
				CLANG_WARN_SUSPICIOUS_MOVE = YES;
				CLANG_WARN_UNGUARDED_AVAILABILITY = YES_AGGRESSIVE;
				CLANG_WARN_UNREACHABLE_CODE = YES;
				CLANG_WARN__DUPLICATE_METHOD_MATCH = YES;
				COPY_PHASE_STRIP = NO;
				DEBUG_INFORMATION_FORMAT = dwarf;
				ENABLE_STRICT_OBJC_MSGSEND = YES;
				ENABLE_TESTABILITY = YES;
				GCC_C_LANGUAGE_STANDARD = gnu11;
				GCC_DYNAMIC_NO_PIC = NO;
				GCC_NO_COMMON_BLOCKS = YES;
				GCC_OPTIMIZATION_LEVEL = 0;
				GCC_PREPROCESSOR_DEFINITIONS = (
					"DEBUG=1",
					"$(inherited)",
				);
				GCC_WARN_64_TO_32_BIT_CONVERSION = YES;
				GCC_WARN_ABOUT_RETURN_TYPE = YES_ERROR;
				GCC_WARN_UNDECLARED_SELECTOR = YES;
				GCC_WARN_UNINITIALIZED_AUTOS = YES_AGGRESSIVE;
				GCC_WARN_UNUSED_FUNCTION = YES;
				GCC_WARN_UNUSED_VARIABLE = YES;
				IPHONEOS_DEPLOYMENT_TARGET = 16.0;
				MTL_ENABLE_DEBUG_INFO = INCLUDE_SOURCE;
				MTL_FAST_MATH = YES;
				ONLY_ACTIVE_ARCH = YES;
				SDKROOT = iphoneos;
				SWIFT_ACTIVE_COMPILATION_CONDITIONS = DEBUG;
				SWIFT_OPTIMIZATION_LEVEL = "-Onone";
			};
			name = Debug;
		};
		BBD064AB290B1B2F008CC2B0 /* Release */ = {
			isa = XCBuildConfiguration;
			buildSettings = {
				ALWAYS_SEARCH_USER_PATHS = NO;
				CLANG_ANALYZER_NONNULL = YES;
				CLANG_ANALYZER_NUMBER_OBJECT_CONVERSION = YES_AGGRESSIVE;
				CLANG_CXX_LANGUAGE_STANDARD = "gnu++20";
				CLANG_ENABLE_MODULES = YES;
				CLANG_ENABLE_OBJC_ARC = YES;
				CLANG_ENABLE_OBJC_WEAK = YES;
				CLANG_WARN_BLOCK_CAPTURE_AUTORELEASING = YES;
				CLANG_WARN_BOOL_CONVERSION = YES;
				CLANG_WARN_COMMA = YES;
				CLANG_WARN_CONSTANT_CONVERSION = YES;
				CLANG_WARN_DEPRECATED_OBJC_IMPLEMENTATIONS = YES;
				CLANG_WARN_DIRECT_OBJC_ISA_USAGE = YES_ERROR;
				CLANG_WARN_DOCUMENTATION_COMMENTS = YES;
				CLANG_WARN_EMPTY_BODY = YES;
				CLANG_WARN_ENUM_CONVERSION = YES;
				CLANG_WARN_INFINITE_RECURSION = YES;
				CLANG_WARN_INT_CONVERSION = YES;
				CLANG_WARN_NON_LITERAL_NULL_CONVERSION = YES;
				CLANG_WARN_OBJC_IMPLICIT_RETAIN_SELF = YES;
				CLANG_WARN_OBJC_LITERAL_CONVERSION = YES;
				CLANG_WARN_OBJC_ROOT_CLASS = YES_ERROR;
				CLANG_WARN_QUOTED_INCLUDE_IN_FRAMEWORK_HEADER = YES;
				CLANG_WARN_RANGE_LOOP_ANALYSIS = YES;
				CLANG_WARN_STRICT_PROTOTYPES = YES;
				CLANG_WARN_SUSPICIOUS_MOVE = YES;
				CLANG_WARN_UNGUARDED_AVAILABILITY = YES_AGGRESSIVE;
				CLANG_WARN_UNREACHABLE_CODE = YES;
				CLANG_WARN__DUPLICATE_METHOD_MATCH = YES;
				COPY_PHASE_STRIP = NO;
				DEBUG_INFORMATION_FORMAT = "dwarf-with-dsym";
				ENABLE_NS_ASSERTIONS = NO;
				ENABLE_STRICT_OBJC_MSGSEND = YES;
				GCC_C_LANGUAGE_STANDARD = gnu11;
				GCC_NO_COMMON_BLOCKS = YES;
				GCC_WARN_64_TO_32_BIT_CONVERSION = YES;
				GCC_WARN_ABOUT_RETURN_TYPE = YES_ERROR;
				GCC_WARN_UNDECLARED_SELECTOR = YES;
				GCC_WARN_UNINITIALIZED_AUTOS = YES_AGGRESSIVE;
				GCC_WARN_UNUSED_FUNCTION = YES;
				GCC_WARN_UNUSED_VARIABLE = YES;
				IPHONEOS_DEPLOYMENT_TARGET = 16.0;
				MTL_ENABLE_DEBUG_INFO = NO;
				MTL_FAST_MATH = YES;
				SDKROOT = iphoneos;
				SWIFT_COMPILATION_MODE = wholemodule;
				SWIFT_OPTIMIZATION_LEVEL = "-O";
				VALIDATE_PRODUCT = YES;
			};
			name = Release;
		};
		BBD064AD290B1B2F008CC2B0 /* Debug */ = {
			isa = XCBuildConfiguration;
			buildSettings = {
				ASSETCATALOG_COMPILER_APPICON_NAME = AppIcon;
				ASSETCATALOG_COMPILER_GLOBAL_ACCENT_COLOR_NAME = AccentColor;
				CODE_SIGN_STYLE = Automatic;
				CURRENT_PROJECT_VERSION = 1;
				DEVELOPMENT_ASSET_PATHS = "\"HorizonteFinanceiro/Preview Content\"";
				ENABLE_PREVIEWS = YES;
				GENERATE_INFOPLIST_FILE = YES;
				INFOPLIST_KEY_UIApplicationSceneManifest_Generation = YES;
				INFOPLIST_KEY_UIApplicationSupportsIndirectInputEvents = YES;
				INFOPLIST_KEY_UILaunchScreen_Generation = YES;
				INFOPLIST_KEY_UISupportedInterfaceOrientations_iPad = "UIInterfaceOrientationPortrait UIInterfaceOrientationPortraitUpsideDown UIInterfaceOrientationLandscapeLeft UIInterfaceOrientationLandscapeRight";
				INFOPLIST_KEY_UISupportedInterfaceOrientations_iPhone = "UIInterfaceOrientationPortrait UIInterfaceOrientationLandscapeLeft UIInterfaceOrientationLandscapeRight";
				LD_RUNPATH_SEARCH_PATHS = (
					"$(inherited)",
					"@executable_path/Frameworks",
				);
				MARKETING_VERSION = 1.0;
				PRODUCT_BUNDLE_IDENTIFIER = JGabrielJ.HorizonteFinanceiro;
				PRODUCT_NAME = "$(TARGET_NAME)";
				SWIFT_EMIT_LOC_STRINGS = YES;
				SWIFT_VERSION = 5.0;
				TARGETED_DEVICE_FAMILY = "1,2";
			};
			name = Debug;
		};
		BBD064AE290B1B2F008CC2B0 /* Release */ = {
			isa = XCBuildConfiguration;
			buildSettings = {
				ASSETCATALOG_COMPILER_APPICON_NAME = AppIcon;
				ASSETCATALOG_COMPILER_GLOBAL_ACCENT_COLOR_NAME = AccentColor;
				CODE_SIGN_STYLE = Automatic;
				CURRENT_PROJECT_VERSION = 1;
				DEVELOPMENT_ASSET_PATHS = "\"HorizonteFinanceiro/Preview Content\"";
				ENABLE_PREVIEWS = YES;
				GENERATE_INFOPLIST_FILE = YES;
				INFOPLIST_KEY_UIApplicationSceneManifest_Generation = YES;
				INFOPLIST_KEY_UIApplicationSupportsIndirectInputEvents = YES;
				INFOPLIST_KEY_UILaunchScreen_Generation = YES;
				INFOPLIST_KEY_UISupportedInterfaceOrientations_iPad = "UIInterfaceOrientationPortrait UIInterfaceOrientationPortraitUpsideDown UIInterfaceOrientationLandscapeLeft UIInterfaceOrientationLandscapeRight";
				INFOPLIST_KEY_UISupportedInterfaceOrientations_iPhone = "UIInterfaceOrientationPortrait UIInterfaceOrientationLandscapeLeft UIInterfaceOrientationLandscapeRight";
				LD_RUNPATH_SEARCH_PATHS = (
					"$(inherited)",
					"@executable_path/Frameworks",
				);
				MARKETING_VERSION = 1.0;
				PRODUCT_BUNDLE_IDENTIFIER = JGabrielJ.HorizonteFinanceiro;
				PRODUCT_NAME = "$(TARGET_NAME)";
				SWIFT_EMIT_LOC_STRINGS = YES;
				SWIFT_VERSION = 5.0;
				TARGETED_DEVICE_FAMILY = "1,2";
			};
			name = Release;
		};
/* End XCBuildConfiguration section */

/* Begin XCConfigurationList section */
		BBD06499290B1B2F008CC2B0 /* Build configuration list for PBXProject "HorizonteFinanceiro" */ = {
			isa = XCConfigurationList;
			buildConfigurations = (
				BBD064AA290B1B2F008CC2B0 /* Debug */,
				BBD064AB290B1B2F008CC2B0 /* Release */,
			);
			defaultConfigurationIsVisible = 0;
			defaultConfigurationName = Release;
		};
		BBD064AC290B1B2F008CC2B0 /* Build configuration list for PBXNativeTarget "HorizonteFinanceiro" */ = {
			isa = XCConfigurationList;
			buildConfigurations = (
				BBD064AD290B1B2F008CC2B0 /* Debug */,
				BBD064AE290B1B2F008CC2B0 /* Release */,
			);
			defaultConfigurationIsVisible = 0;
			defaultConfigurationName = Release;
		};
/* End XCConfigurationList section */
	};
	rootObject = BBD06496290B1B2F008CC2B0 /* Project object */;
}
